
Microsoft Visual Studio Solution File, Format Version 12.00
# Visual Studio 15
VisualStudioVersion = 15.0.27520.0
MinimumVisualStudioVersion = 10.0.40219.1
Project("{9A19103F-16F7-4668-BE54-9A1E7A4F7556}") = "NetStashStandard", "NetStashStandard\NetStashStandard.csproj", "{60FBA3BF-0F8E-4C20-90BF-0101260D4ED2}"
EndProject
Project("{FAE04EC0-301F-11D3-BF4B-00C04F79EFBC}") = "TestNet461", "TestNet461\TestNet461.csproj", "{49AD3235-9E4E-4403-99FE-57177830EB84}"
EndProject
Project("{9A19103F-16F7-4668-BE54-9A1E7A4F7556}") = "TestCore", "TestCore\TestCore.csproj", "{E4650454-A70B-40AE-8964-50D1720C1D82}"
EndProject
Global
	GlobalSection(SolutionConfigurationPlatforms) = preSolution
		Debug|Any CPU = Debug|Any CPU
		Debug|x64 = Debug|x64
		Debug|x86 = Debug|x86
		Release|Any CPU = Release|Any CPU
		Release|x64 = Release|x64
		Release|x86 = Release|x86
	EndGlobalSection
	GlobalSection(ProjectConfigurationPlatforms) = postSolution
		{60FBA3BF-0F8E-4C20-90BF-0101260D4ED2}.Debug|Any CPU.ActiveCfg = Debug|Any CPU
		{60FBA3BF-0F8E-4C20-90BF-0101260D4ED2}.Debug|Any CPU.Build.0 = Debug|Any CPU
		{60FBA3BF-0F8E-4C20-90BF-0101260D4ED2}.Debug|x64.ActiveCfg = Debug|x64
		{60FBA3BF-0F8E-4C20-90BF-0101260D4ED2}.Debug|x64.Build.0 = Debug|x64
		{60FBA3BF-0F8E-4C20-90BF-0101260D4ED2}.Debug|x86.ActiveCfg = Debug|Any CPU
		{60FBA3BF-0F8E-4C20-90BF-0101260D4ED2}.Debug|x86.Build.0 = Debug|Any CPU
		{60FBA3BF-0F8E-4C20-90BF-0101260D4ED2}.Release|Any CPU.ActiveCfg = Release|Any CPU
		{60FBA3BF-0F8E-4C20-90BF-0101260D4ED2}.Release|Any CPU.Build.0 = Release|Any CPU
		{60FBA3BF-0F8E-4C20-90BF-0101260D4ED2}.Release|x64.ActiveCfg = Release|x64
		{60FBA3BF-0F8E-4C20-90BF-0101260D4ED2}.Release|x64.Build.0 = Release|x64
		{60FBA3BF-0F8E-4C20-90BF-0101260D4ED2}.Release|x86.ActiveCfg = Release|x86
		{60FBA3BF-0F8E-4C20-90BF-0101260D4ED2}.Release|x86.Build.0 = Release|x86
		{49AD3235-9E4E-4403-99FE-57177830EB84}.Debug|Any CPU.ActiveCfg = Debug|Any CPU
		{49AD3235-9E4E-4403-99FE-57177830EB84}.Debug|Any CPU.Build.0 = Debug|Any CPU
		{49AD3235-9E4E-4403-99FE-57177830EB84}.Debug|x64.ActiveCfg = Debug|Any CPU
		{49AD3235-9E4E-4403-99FE-57177830EB84}.Debug|x64.Build.0 = Debug|Any CPU
		{49AD3235-9E4E-4403-99FE-57177830EB84}.Debug|x86.ActiveCfg = Debug|Any CPU
		{49AD3235-9E4E-4403-99FE-57177830EB84}.Debug|x86.Build.0 = Debug|Any CPU
		{49AD3235-9E4E-4403-99FE-57177830EB84}.Release|Any CPU.ActiveCfg = Release|Any CPU
		{49AD3235-9E4E-4403-99FE-57177830EB84}.Release|Any CPU.Build.0 = Release|Any CPU
		{49AD3235-9E4E-4403-99FE-57177830EB84}.Release|x64.ActiveCfg = Release|Any CPU
		{49AD3235-9E4E-4403-99FE-57177830EB84}.Release|x64.Build.0 = Release|Any CPU
		{49AD3235-9E4E-4403-99FE-57177830EB84}.Release|x86.ActiveCfg = Release|Any CPU
		{49AD3235-9E4E-4403-99FE-57177830EB84}.Release|x86.Build.0 = Release|Any CPU
		{E4650454-A70B-40AE-8964-50D1720C1D82}.Debug|Any CPU.ActiveCfg = Debug|Any CPU
		{E4650454-A70B-40AE-8964-50D1720C1D82}.Debug|Any CPU.Build.0 = Debug|Any CPU
		{E4650454-A70B-40AE-8964-50D1720C1D82}.Debug|x64.ActiveCfg = Debug|Any CPU
		{E4650454-A70B-40AE-8964-50D1720C1D82}.Debug|x64.Build.0 = Debug|Any CPU
		{E4650454-A70B-40AE-8964-50D1720C1D82}.Debug|x86.ActiveCfg = Debug|Any CPU
		{E4650454-A70B-40AE-8964-50D1720C1D82}.Debug|x86.Build.0 = Debug|Any CPU
		{E4650454-A70B-40AE-8964-50D1720C1D82}.Release|Any CPU.ActiveCfg = Release|Any CPU
		{E4650454-A70B-40AE-8964-50D1720C1D82}.Release|Any CPU.Build.0 = Release|Any CPU
		{E4650454-A70B-40AE-8964-50D1720C1D82}.Release|x64.ActiveCfg = Release|Any CPU
		{E4650454-A70B-40AE-8964-50D1720C1D82}.Release|x64.Build.0 = Release|Any CPU
		{E4650454-A70B-40AE-8964-50D1720C1D82}.Release|x86.ActiveCfg = Release|Any CPU
		{E4650454-A70B-40AE-8964-50D1720C1D82}.Release|x86.Build.0 = Release|Any CPU
	EndGlobalSection
	GlobalSection(SolutionProperties) = preSolution
		HideSolutionNode = FALSE
	EndGlobalSection
	GlobalSection(ExtensibilityGlobals) = postSolution
		SolutionGuid = {C9CC592B-900F-4634-9A78-175B43D584D7}
	EndGlobalSection
EndGlobal
